lockfileVersion: '9.0'

settings:
  autoInstallPeers: true
  excludeLinksFromLockfile: false

importers:

  .:
    dependencies:
      '@aws-sdk/client-cognito-identity-provider':
        specifier: 3.1118.0
        version: 3.1118.0
      '@modelcontextprotocol/server':
        specifier: 2.0.0
        version: 2.0.0
      atomically:
        specifier: 2.1.1
        version: 2.1.1
      env-paths:
        specifier: 4.0.0
        version: 4.0.0
      ky:
        specifier: 2.0.2
        version: 2.0.2
      zod:
        specifier: 4.4.3
        version: 4.4.3
    devDependencies:
      '@biomejs/biome':
        specifier: 2.5.10
        version: 2.5.10
      '@modelcontextprotocol/client':
        specifier: 2.0.0
        version: 2.0.0
      '@types/node':
        specifier: 24.13.3
        version: 24.13.3
      tsx:
        specifier: 4.23.12
        version: 4.23.12
      typescript:
        specifier: 5.9.3
        version: 5.9.3
      vitest:
        specifier: 4.1.11
        version: 4.1.11(@types/node@24.13.3)(vite@8.2.2(@types/node@24.13.3)(esbuild@0.28.2)(tsx@4.23.12))

packages:

  '@aws-sdk/client-cognito-identity-provider@3.1118.0':
    resolution: {integrity: sha512-amgnmrUTCAl5RSBsoIYWrucGzp/bTomYeWKDArRmp6Sijrs1lgHbL3G1d1QZaCfwgm0yv18+WDgnB444ByJytQ==}
    engines: {node: '>=20.0.0'}

  '@aws-sdk/core@3.977.9':
    resolution: {integrity: sha512-reqPFEQrZxDZpeGj4PFMepBeR5LGYHRqq/L0motTzgFkCRBA4rFdaVXDSLYyGHhxVz7sT2PDnPN9CluGSfgyJA==}
    engines: {node: '>=20.0.0'}

  '@aws-sdk/credential-provider-env@3.972.70':
    resolution: {integrity: sha512-H404B7dJl2mCrBqahDEYsanB0xhdDp6tXnXcTUnXmmpy2Q3J0Ho0bUajZ2jr/RdwzCyS59Gi8xXIFwPLGBl6Uw==}
    engines: {node: '>=20.0.0'}

  '@aws-sdk/credential-provider-http@3.972.72':
    resolution: {integrity: sha512-X98zYOrVOeuosCX+6ktf29FC2N2GHPLia7qv6mzPzTc+RPAuHWCDS++Z6JK7eGYqb/v6uaW7bAXaOvDBfol+0w==}
    engines: {node: '>=20.0.0'}

  '@aws-sdk/credential-provider-ini@3.973.15':
    resolution: {integrity: sha512-Rykg6s5ceBuynMOGWgoowO4N+27JfnqXAnVaSunZl0hOO1XodSrxGNz6sCEbnmS0lAfQZDKyb3fbr46gSuv6Sg==}
    engines: {node: '>=20.0.0'}

  '@aws-sdk/credential-provider-login@3.972.77':
    resolution: {integrity: sha512-Jb59xfEISoN5mmbnA+HYqdtrSX3CgCtJoof+V5D8/TgUI56W63GEEd5Y58WijU3Ou6+WEgaLD1feVzaRXV5IDQ==}
    engines: {node: '>=20.0.0'}

  '@aws-sdk/credential-provider-node@3.972.81':
    resolution: {integrity: sha512-Rml+WitoFvXmv6JZ18U/xhjCLaNCzqTZOudjwbQf6v9IntZGPw132i2Lq2rgTRZHD3JHNw==}
    engines: {node: '>=20.0.0'}
