lockfileVersion: '9.0'

settings:
  autoInstallPeers: true
  excludeLinksFromLockfile: false

importers:

  .:
    dependencies:
      '@modelcontextprotocol/server':
        specifier: 2.0.0
        version: 2.0.0
      zod:
        specifier: 4.4.3
        version: 4.4.3
    devDependencies:
      '@biomejs/biome':
        specifier: 2.5.10
        version: 2.5.10
      '@types/node':
        specifier: 24.13.3
        version: 24.13.3
      tsx:
        specifier: 4.23.12
        version: 4.23.12
      typescript:
        specifier: 5.9.3
        version: 5.9.3
      vitest:
        specifier: 4.1.11
        version: 4.1.11(@types/node@24.13.3)(vite@8.2.2(@types/node@24.13.3)(esbuild@0.28.2)(tsx@4.23.12))
